{
  "name": "dex-engine",
  "lockfileVersion": 3,
  "requires": true,
  "packages": {
    "": {
      "workspaces": [
        "api",
        "worker",
        "db"
      ]
    },
    "api": {
      "version": "1.0.0",
      "license": "ISC",
      "dependencies": {
        "@fastify/websocket": "^10.0.1",
        "@types/node": "^24.10.1",
        "@types/ws": "^8.18.1",
        "bullmq": "^5.63.2",
        "db": "file:../db",
        "fastify": "^4.29.1",
        "ioredis": "^5.8.2",
        "ws": "^8.18.3",
        "zod": "^4.1.12"
      }
    },
    "api/node_modules/@fastify/ajv-compiler": {
      "version": "3.6.0",
      "license": "MIT",
      "dependencies": {
        "ajv": "^8.11.0",
        "ajv-formats": "^2.1.1",
        "fast-uri": "^2.0.0"
      }
    },
    "api/node_modules/@fastify/error": {
      "version": "3.4.1",
      "license": "MIT"
    },
    "api/node_modules/@fastify/fast-json-stringify-compiler": {
      "version": "4.3.0",
      "license": "MIT",
      "dependencies": {
        "fast-json-stringify": "^5.7.0"
      }
    },
    "api/node_modules/@fastify/merge-json-schemas": {
      "version": "0.1.1",
      "license": "MIT",
      "dependencies": {
        "fast-deep-equal": "^3.1.3"
      }
    },
    "api/node_modules/@fastify/websocket": {
      "version": "10.0.1",
      "license": "MIT",
      "dependencies": {
        "duplexify": "^4.1.2",
        "fastify-plugin": "^4.0.0",
        "ws": "^8.0.0"
      }
    },
    "api/node_modules/@ioredis/commands": {
      "version": "1.4.0",
      "license": "MIT"
    },
    "api/node_modules/@msgpackr-extract/msgpackr-extract-win32-x64": {
      "version": "3.0.3",
      "cpu": [
        "x64"
      ],
      "license": "MIT",
      "optional": true,
      "os": [
        "win32"
      ]
    },
    "api/node_modules/@pinojs/redact": {
      "version": "0.4.0",
      "license": "MIT"
    },
    "api/node_modules/@types/node": {
      "version": "24.10.1",
      "license": "MIT",
      "dependencies": {
        "undici-types": "~7.16.0"
      }
    },
    "api/node_modules/@types/ws": {
      "version": "8.18.1",
      "license": "MIT",
      "dependencies": {
        "@types/node": "*"
      }
    },
    "api/node_modules/abstract-logging": {
      "version": "2.0.1",
      "license": "MIT"
    },
    "api/node_modules/ajv": {
      "version": "8.17.1",
      "license": "MIT",
      "dependencies": {
        "fast-deep-equal": "^3.1.3",
        "fast-uri": "^3.0.1",
        "json-schema-traverse": "^1.0.0",
        "require-from-string": "^2.0.2"
      },
      "funding": {
        "type": "github",
        "url": "https://github.com/sponsors/epoberezkin"
      }
    },
    "api/node_modules/ajv-formats": {
      "version": "2.1.1",
      "license": "MIT",
      "dependencies": {
        "ajv": "^8.0.0"
      },
      "peerDependencies": {
        "ajv": "^8.0.0"
      },
      "peerDependenciesMeta": {
        "ajv": {
          "optional": true
        }
      }
    },
    "api/node_modules/ajv/node_modules/fast-uri": {
      "version": "3.1.0",
      "funding": [
        {
          "type": "github",
          "url": "https://github.com/sponsors/fastify"
        },
        {
          "type": "opencollective",
          "url": "https://opencollective.com/fastify"
        }
      ],
      "license": "BSD-3-Clause"
    },
    "api/node_modules/atomic-sleep": {
      "version": "1.0.0",
      "license": "MIT",
      "engines": {
        "node": ">=8.0.0"
      }
    },
    "api/node_modules/avvio": {
      "version": "8.4.0",
      "license": "MIT",
      "dependencies": {
        "@fastify/error": "^3.3.0",
        "fastq": "^1.17.1"
      }
    },
    "api/node_modules/bullmq": {
      "version": "5.63.2",
      "license": "MIT",
      "dependencies": {
        "cron-parser": "^4.9.0",
        "ioredis": "^5.8.2",
        "msgpackr": "^1.11.2",
        "node-abort-controller": "^3.1.1",
        "semver": "^7.5.4",
        "tslib": "^2.0.0",
        "uuid": "^11.1.0"
      }
    },
    "api/node_modules/cluster-key-slot": {
      "version": "1.1.2",
      "license": "Apache-2.0",
      "engines": {
        "node": ">=0.10.0"
      }
    },
    "api/node_modules/cookie": {
      "version": "0.7.2",
      "license": "MIT",
      "engines": {
        "node": ">= 0.6"
      }
    },
    "api/node_modules/cron-parser": {
      "version": "4.9.0",
      "license": "MIT",
      "dependencies": {
        "luxon": "^3.2.1"
      },
      "engines": {
        "node": ">=12.0.0"
      }
    },
    "api/node_modules/debug": {
      "version": "4.4.3",
      "license": "MIT",
      "dependencies": {
        "ms": "^2.1.3"
      },
      "engines": {
        "node": ">=6.0"
      },
      "peerDependenciesMeta": {
        "supports-color": {
          "optional": true
        }
      }
    },
    "api/node_modules/denque": {
      "version": "2.1.0",
      "license": "Apache-2.0",
      "engines": {
        "node": ">=0.10"
      }
    },
    "api/node_modules/detect-libc": {
      "version": "2.1.2",
      "license": "Apache-2.0",
      "optional": true,
      "engines": {
        "node": ">=8"
      }
    },
    "api/node_modules/duplexify": {
      "version": "4.1.3",
      "license": "MIT",
      "dependencies": {
        "end-of-stream": "^1.4.1",
        "inherits": "^2.0.3",
        "readable-stream": "^3.1.1",
        "stream-shift": "^1.0.2"
      }
    },
    "api/node_modules/end-of-stream": {
      "version": "1.4.5",
      "license": "MIT",
      "dependencies": {
        "once": "^1.4.0"
      }
    },
    "api/node_modules/fast-content-type-parse": {
      "version": "1.1.0",
      "license": "MIT"
    },
    "api/node_modules/fast-decode-uri-component": {
      "version": "1.0.1",
      "license": "MIT"
    },
    "api/node_modules/fast-deep-equal": {
      "version": "3.1.3",
      "license": "MIT"
    },
    "api/node_modules/fast-json-stringify": {
      "version": "5.16.1",
      "license": "MIT",
      "dependencies": {
        "@fastify/merge-json-schemas": "^0.1.0",
        "ajv": "^8.10.0",
        "ajv-formats": "^3.0.1",
        "fast-deep-equal": "^3.1.3",
        "fast-uri": "^2.1.0",
        "json-schema-ref-resolver": "^1.0.1",
        "rfdc": "^1.2.0"
      }
    },
    "api/node_modules/fast-json-stringify/node_modules/ajv-formats": {
      "version": "3.0.1",
      "license": "MIT",
      "dependencies": {
        "ajv": "^8.0.0"
      },
      "peerDependencies": {
        "ajv": "^8.0.0"
      },
      "peerDependenciesMeta": {
        "ajv": {
          "optional": true
        }
      }
    },
    "api/node_modules/fast-querystring": {
      "version": "1.1.2",
      "license": "MIT",
      "dependencies": {
        "fast-decode-uri-component": "^1.0.1"
      }
    },
    "api/node_modules/fast-uri": {
      "version": "2.4.0",
      "license": "MIT"
    },
    "api/node_modules/fastify": {
      "version": "4.29.1",
      "funding": [
        {
          "type": "github",
          "url": "https://github.com/sponsors/fastify"
        },
        {
          "type": "opencollective",
          "url": "https://opencollective.com/fastify"
        }
      ],
      "license": "MIT",
      "dependencies": {
        "@fastify/ajv-compiler": "^3.5.0",
        "@fastify/error": "^3.4.0",
        "@fastify/fast-json-stringify-compiler": "^4.3.0",
        "abstract-logging": "^2.0.1",
        "avvio": "^8.3.0",
        "fast-content-type-parse": "^1.1.0",
        "fast-json-stringify": "^5.8.0",
        "find-my-way": "^8.0.0",
        "light-my-request": "^5.11.0",
        "pino": "^9.0.0",
        "process-warning": "^3.0.0",
        "proxy-addr": "^2.0.7",
        "rfdc": "^1.3.0",
        "secure-json-parse": "^2.7.0",
        "semver": "^7.5.4",
        "toad-cache": "^3.3.0"
      }
    },
    "api/node_modules/fastify-plugin": {
      "version": "4.5.1",
      "license": "MIT"
    },
    "api/node_modules/fastq": {
      "version": "1.19.1",
      "license": "ISC",
      "dependencies": {
        "reusify": "^1.0.4"
      }
    },
    "api/node_modules/find-my-way": {
      "version": "8.2.2",
      "license": "MIT",
      "dependencies": {
        "fast-deep-equal": "^3.1.3",
        "fast-querystring": "^1.0.0",
        "safe-regex2": "^3.1.0"
      },
      "engines": {
        "node": ">=14"
      }
    },
    "api/node_modules/forwarded": {
      "version": "0.2.0",
      "license": "MIT",
      "engines": {
        "node": ">= 0.6"
      }
    },
    "api/node_modules/inherits": {
      "version": "2.0.4",
      "license": "ISC"
    },
    "api/node_modules/ioredis": {
      "version": "5.8.2",
      "license": "MIT",
      "dependencies": {
        "@ioredis/commands": "1.4.0",
        "cluster-key-slot": "^1.1.0",
        "debug": "^4.3.4",
        "denque": "^2.1.0",
        "lodash.defaults": "^4.2.0",
        "lodash.isarguments": "^3.1.0",
        "redis-errors": "^1.2.0",
        "redis-parser": "^3.0.0",
        "standard-as-callback": "^2.1.0"
      },
      "engines": {
        "node": ">=12.22.0"
      },
      "funding": {
        "type": "opencollective",
        "url": "https://opencollective.com/ioredis"
      }
    },
    "api/node_modules/ipaddr.js": {
      "version": "1.9.1",
      "license": "MIT",
      "engines": {
        "node": ">= 0.10"
      }
    },
    "api/node_modules/json-schema-ref-resolver": {
      "version": "1.0.1",
      "license": "MIT",
      "dependencies": {
        "fast-deep-equal": "^3.1.3"
      }
    },
    "api/node_modules/json-schema-traverse": {
      "version": "1.0.0",
      "license": "MIT"
    },
    "api/node_modules/light-my-request": {
      "version": "5.14.0",
      "license": "BSD-3-Clause",
      "dependencies": {
        "cookie": "^0.7.0",
        "process-warning": "^3.0.0",
        "set-cookie-parser": "^2.4.1"
      }
    },
    "api/node_modules/lodash.defaults": {
      "version": "4.2.0",
      "license": "MIT"
    },
    "api/node_modules/lodash.isarguments": {
      "version": "3.1.0",
      "license": "MIT"
    },
    "api/node_modules/luxon": {
      "version": "3.7.2",
      "license": "MIT",
      "engines": {
        "node": ">=12"
      }
    },
    "api/node_modules/ms": {
      "version": "2.1.3",
      "license": "MIT"
    },
    "api/node_modules/msgpackr": {
      "version": "1.11.5",
      "license": "MIT",
      "optionalDependencies": {
        "msgpackr-extract": "^3.0.2"
      }
    },
    "api/node_modules/msgpackr-extract": {
      "version": "3.0.3",
      "hasInstallScript": true,
      "license": "MIT",
      "optional": true,
      "dependencies": {
        "node-gyp-build-optional-packages": "5.2.2"
      },
      "bin": {
        "download-msgpackr-prebuilds": "bin/download-prebuilds.js"
      },
      "optionalDependencies": {
        "@msgpackr-extract/msgpackr-extract-darwin-arm64": "3.0.3",
        "@msgpackr-extract/msgpackr-extract-darwin-x64": "3.0.3",
        "@msgpackr-extract/msgpackr-extract-linux-arm": "3.0.3",
        "@msgpackr-extract/msgpackr-extract-linux-arm64": "3.0.3",
        "@msgpackr-extract/msgpackr-extract-linux-x64": "3.0.3",
        "@msgpackr-extract/msgpackr-extract-win32-x64": "3.0.3"
      }
    },
    "api/node_modules/node-abort-controller": {
      "version": "3.1.1",
      "license": "MIT"
    },
    "api/node_modules/node-gyp-build-optional-packages": {
      "version": "5.2.2",
      "license": "MIT",
      "optional": true,
      "dependencies": {
        "detect-libc": "^2.0.1"
      },
      "bin": {
        "node-gyp-build-optional-packages": "bin.js",
        "node-gyp-build-optional-packages-optional": "optional.js",
        "node-gyp-build-optional-packages-test": "build-test.js"
      }
    },
    "api/node_modules/on-exit-leak-free": {
      "version": "2.1.2",
      "license": "MIT",
      "engines": {
        "node": ">=14.0.0"
      }
    },
    "api/node_modules/once": {
      "version": "1.4.0",
      "license": "ISC",
      "dependencies": {
        "wrappy": "1"
      }
    },
    "api/node_modules/pino": {
      "version": "9.14.0",
      "license": "MIT",
      "dependencies": {
        "@pinojs/redact": "^0.4.0",
        "atomic-sleep": "^1.0.0",
        "on-exit-leak-free": "^2.1.0",
        "pino-abstract-transport": "^2.0.0",
        "pino-std-serializers": "^7.0.0",
        "process-warning": "^5.0.0",
        "quick-format-unescaped": "^4.0.3",
        "real-require": "^0.2.0",
        "safe-stable-stringify": "^2.3.1",
        "sonic-boom": "^4.0.1",
        "thread-stream": "^3.0.0"
      },
      "bin": {
        "pino": "bin.js"
      }
    },
    "api/node_modules/pino-abstract-transport": {
      "version": "2.0.0",
      "license": "MIT",
      "dependencies": {
        "split2": "^4.0.0"
      }
    },
    "api/node_modules/pino-std-serializers": {
      "version": "7.0.0",
      "license": "MIT"
    },
    "api/node_modules/pino/node_modules/process-warning": {
      "version": "5.0.0",
      "funding": [
        {
          "type": "github",
          "url": "https://github.com/sponsors/fastify"
        },
        {
          "type": "opencollective",
          "url": "https://opencollective.com/fastify"
        }
      ],
      "license": "MIT"
    },
    "api/node_modules/process-warning": {
      "version": "3.0.0",
      "license": "MIT"
    },
    "api/node_modules/proxy-addr": {
      "version": "2.0.7",
      "license": "MIT",
      "dependencies": {
        "forwarded": "0.2.0",
        "ipaddr.js": "1.9.1"
      },
      "engines": {
        "node": ">= 0.10"
      }
    },
    "api/node_modules/quick-format-unescaped": {
      "version": "4.0.4",
      "license": "MIT"
    },
    "api/node_modules/readable-stream": {
      "version": "3.6.2",
      "license": "MIT",
      "dependencies": {
        "inherits": "^2.0.3",
        "string_decoder": "^1.1.1",
        "util-deprecate": "^1.0.1"
      },
      "engines": {
        "node": ">= 6"
      }
    },
    "api/node_modules/real-require": {
      "version": "0.2.0",
      "license": "MIT",
      "engines": {
        "node": ">= 12.13.0"
      }
    },
    "api/node_modules/redis-errors": {
      "version": "1.2.0",
      "license": "MIT",
      "engines": {
        "node": ">=4"
      }
    },
    "api/node_modules/redis-parser": {
      "version": "3.0.0",
      "license": "MIT",
      "dependencies": {
        "redis-errors": "^1.0.0"
      },
      "engines": {
        "node": ">=4"
      }
    },
    "api/node_modules/require-from-string": {
      "version": "2.0.2",
      "license": "MIT",
      "engines": {
        "node": ">=0.10.0"
      }
    },
    "api/node_modules/ret": {
      "version": "0.4.3",
      "license": "MIT",
      "engines": {
        "node": ">=10"
      }
    },
    "api/node_modules/reusify": {
      "version": "1.1.0",
      "license": "MIT",
      "engines": {
        "iojs": ">=1.0.0",
        "node": ">=0.10.0"
      }
    },
    "api/node_modules/rfdc": {
      "version": "1.4.1",
      "license": "MIT"
    },
    "api/node_modules/safe-buffer": {
      "version": "5.2.1",
      "funding": [
        {
          "type": "github",
          "url": "https://github.com/sponsors/feross"
        },
        {
          "type": "patreon",
          "url": "https://www.patreon.com/feross"
        },
        {
          "type": "consulting",
          "url": "https://feross.org/support"
        }
      ],
      "license": "MIT"
    },
    "api/node_modules/safe-regex2": {
      "version": "3.1.0",
      "license": "MIT",
      "dependencies": {
        "ret": "~0.4.0"
      }
    },
    "api/node_modules/safe-stable-stringify": {
      "version": "2.5.0",
      "license": "MIT",
      "engines": {
        "node": ">=10"
      }
    },
    "api/node_modules/secure-json-parse": {
      "version": "2.7.0",
      "license": "BSD-3-Clause"
    },
    "api/node_modules/semver": {
      "version": "7.7.3",
      "license": "ISC",
      "bin": {
        "semver": "bin/semver.js"
      },
      "engines": {
        "node": ">=10"
      }
    },
    "api/node_modules/set-cookie-parser": {
      "version": "2.7.2",
      "license": "MIT"
    },
    "api/node_modules/sonic-boom": {
      "version": "4.2.0",
      "license": "MIT",
      "dependencies": {
        "atomic-sleep": "^1.0.0"
      }
    },
    "api/node_modules/split2": {
      "version": "4.2.0",
      "license": "ISC",
      "engines": {
        "node": ">= 10.x"
      }
    },
    "api/node_modules/standard-as-callback": {
      "version": "2.1.0",
      "license": "MIT"
    },
    "api/node_modules/stream-shift": {
      "version": "1.0.3",
      "license": "MIT"
    },
    "api/node_modules/string_decoder": {
      "version": "1.3.0",
      "license": "MIT",
      "dependencies": {
        "safe-buffer": "~5.2.0"
      }
    },
    "api/node_modules/thread-stream": {
      "version": "3.1.0",
      "license": "MIT",
      "dependencies": {
        "real-require": "^0.2.0"
      }
    },
    "api/node_modules/toad-cache": {
      "version": "3.7.0",
      "license": "MIT",
      "engines": {
        "node": ">=12"
      }
    },
    "api/node_modules/tslib": {
      "version": "2.8.1",
      "license": "0BSD"
    },
    "api/node_modules/undici-types": {
      "version": "7.16.0",
      "license": "MIT"
    },
    "api/node_modules/util-deprecate": {
      "version": "1.0.2",
      "license": "MIT"
    },
    "api/node_modules/uuid": {
      "version": "11.1.0",
      "funding": [
        "https://github.com/sponsors/broofa",
        "https://github.com/sponsors/ctavan"
      ],
      "license": "MIT",
      "bin": {
        "uuid": "dist/esm/bin/uuid"
      }
    },
    "api/node_modules/wrappy": {
      "version": "1.0.2",
      "license": "ISC"
    },
    "api/node_modules/ws": {
      "version": "8.18.3",
      "license": "MIT",
      "engines": {
        "node": ">=10.0.0"
      },
      "peerDependencies": {
        "bufferutil": "^4.0.1",
        "utf-8-validate": ">=5.0.2"
      },
      "peerDependenciesMeta": {
        "bufferutil": {
          "optional": true
        },
        "utf-8-validate": {
          "optional": true
        }
      }
    },
    "api/node_modules/zod": {
      "version": "4.1.12",
      "license": "MIT",
      "funding": {
        "url": "https://github.com/sponsors/colinhacks"
      }
    },
    "db": {
      "version": "1.0.0",
      "license": "ISC",
      "dependencies": {
        "@prisma/client": "^6.19.0",
        "prisma": "^6.19.0"
      }
    },
    "db/node_modules/@prisma/client": {
      "version": "6.19.0",
      "hasInstallScript": true,
      "license": "Apache-2.0",
      "engines": {
        "node": ">=18.18"
      },
      "peerDependencies": {
        "prisma": "*",
        "typescript": ">=5.1.0"
      },
      "peerDependenciesMeta": {
        "prisma": {
          "optional": true
        },
        "typescript": {
          "optional": true
        }
      }
    },
    "db/node_modules/@prisma/config": {
      "version": "6.19.0",
      "license": "Apache-2.0",
      "dependencies": {
        "c12": "3.1.0",
        "deepmerge-ts": "7.1.5",
        "effect": "3.18.4",
        "empathic": "2.0.0"
      }
    },
    "db/node_modules/@prisma/debug": {
      "version": "6.19.0",
      "license": "Apache-2.0"
    },
    "db/node_modules/@prisma/engines": {
      "version": "6.19.0",
      "hasInstallScript": true,
      "license": "Apache-2.0",
      "dependencies": {
        "@prisma/debug": "6.19.0",
        "@prisma/engines-version": "6.19.0-26.2ba551f319ab1df4bc874a89965d8b3641056773",
        "@prisma/fetch-engine": "6.19.0",
        "@prisma/get-platform": "6.19.0"
      }
    },
    "db/node_modules/@prisma/engines-version": {
      "version": "6.19.0-26.2ba551f319ab1df4bc874a89965d8b3641056773",
      "license": "Apache-2.0"
    },
    "db/node_modules/@prisma/fetch-engine": {
      "version": "6.19.0",
      "license": "Apache-2.0",
      "dependencies": {
        "@prisma/debug": "6.19.0",
        "@prisma/engines-version": "6.19.0-26.2ba551f319ab1df4bc874a89965d8b3641056773",
        "@prisma/get-platform": "6.19.0"
      }
    },
    "db/node_modules/@prisma/get-platform": {
      "version": "6.19.0",
      "license": "Apache-2.0",
      "dependencies": {
        "@prisma/debug": "6.19.0"
      }
    },
    "db/node_modules/@standard-schema/spec": {
      "version": "1.0.0",
      "license": "MIT"
    },
    "db/node_modules/c12": {
      "version": "3.1.0",
      "license": "MIT",
      "dependencies": {
        "chokidar": "^4.0.3",
        "confbox": "^0.2.2",
        "defu": "^6.1.4",
        "dotenv": "^16.6.1",
        "exsolve": "^1.0.7",
        "giget": "^2.0.0",
        "jiti": "^2.4.2",
        "ohash": "^2.0.11",
        "pathe": "^2.0.3",
        "perfect-debounce": "^1.0.0",
        "pkg-types": "^2.2.0",
        "rc9": "^2.1.2"
      },
      "peerDependencies": {
        "magicast": "^0.3.5"
      },
      "peerDependenciesMeta": {
        "magicast": {
          "optional": true
        }
      }
    },
    "db/node_modules/chokidar": {
      "version": "4.0.3",
      "license": "MIT",
      "dependencies": {
        "readdirp": "^4.0.1"
      },
      "engines": {
        "node": ">= 14.16.0"
      },
      "funding": {
        "url": "https://paulmillr.com/funding/"
      }
    },
    "db/node_modules/citty": {
      "version": "0.1.6",
      "license": "MIT",
      "dependencies": {
        "consola": "^3.2.3"
      }
    },
    "db/node_modules/confbox": {
      "version": "0.2.2",
      "license": "MIT"
    },
    "db/node_modules/consola": {
      "version": "3.4.2",
      "license": "MIT",
      "engines": {
        "node": "^14.18.0 || >=16.10.0"
      }
    },
    "db/node_modules/deepmerge-ts": {
      "version": "7.1.5",
      "license": "BSD-3-Clause",
      "engines": {
        "node": ">=16.0.0"
      }
    },
    "db/node_modules/defu": {
      "version": "6.1.4",
      "license": "MIT"
    },
    "db/node_modules/destr": {
      "version": "2.0.5",
      "license": "MIT"
    },
    "db/node_modules/dotenv": {
      "version": "16.6.1",
      "license": "BSD-2-Clause",
      "engines": {
        "node": ">=12"
      },
      "funding": {
        "url": "https://dotenvx.com"
      }
    },
    "db/node_modules/effect": {
      "version": "3.18.4",
      "license": "MIT",
      "dependencies": {
        "@standard-schema/spec": "^1.0.0",
        "fast-check": "^3.23.1"
      }
    },
    "db/node_modules/empathic": {
      "version": "2.0.0",
      "license": "MIT",
      "engines": {
        "node": ">=14"
      }
    },
    "db/node_modules/exsolve": {
      "version": "1.0.8",
      "license": "MIT"
    },
    "db/node_modules/fast-check": {
      "version": "3.23.2",
      "funding": [
        {
          "type": "individual",
          "url": "https://github.com/sponsors/dubzzz"
        },
        {
          "type": "opencollective",
          "url": "https://opencollective.com/fast-check"
        }
      ],
      "license": "MIT",
      "dependencies": {
        "pure-rand": "^6.1.0"
      },
      "engines": {
        "node": ">=8.0.0"
      }
    },
    "db/node_modules/giget": {
      "version": "2.0.0",
      "license": "MIT",
      "dependencies": {
        "citty": "^0.1.6",
        "consola": "^3.4.0",
        "defu": "^6.1.4",
        "node-fetch-native": "^1.6.6",
        "nypm": "^0.6.0",
        "pathe": "^2.0.3"
      },
      "bin": {
        "giget": "dist/cli.mjs"
      }
    },
    "db/node_modules/jiti": {
      "version": "2.6.1",
      "license": "MIT",
      "bin": {
        "jiti": "lib/jiti-cli.mjs"
      }
    },
    "db/node_modules/node-fetch-native": {
      "version": "1.6.7",
      "license": "MIT"
    },
    "db/node_modules/nypm": {
      "version": "0.6.2",
      "license": "MIT",
      "dependencies": {
        "citty": "^0.1.6",
        "consola": "^3.4.2",
        "pathe": "^2.0.3",
        "pkg-types": "^2.3.0",
        "tinyexec": "^1.0.1"
      },
      "bin": {
        "nypm": "dist/cli.mjs"
      },
      "engines": {
        "node": "^14.16.0 || >=16.10.0"
      }
    },
    "db/node_modules/ohash": {
      "version": "2.0.11",
      "license": "MIT"
    },
    "db/node_modules/pathe": {
      "version": "2.0.3",
      "license": "MIT"
    },
    "db/node_modules/perfect-debounce": {
      "version": "1.0.0",
      "license": "MIT"
    },
    "db/node_modules/pkg-types": {
      "version": "2.3.0",
      "license": "MIT",
      "dependencies": {
        "confbox": "^0.2.2",
        "exsolve": "^1.0.7",
        "pathe": "^2.0.3"
      }
    },
    "db/node_modules/prisma": {
      "version": "6.19.0",
      "hasInstallScript": true,
      "license": "Apache-2.0",
      "dependencies": {
        "@prisma/config": "6.19.0",
        "@prisma/engines": "6.19.0"
      },
      "bin": {
        "prisma": "build/index.js"
      },
      "engines": {
        "node": ">=18.18"
      },
      "peerDependencies": {
        "typescript": ">=5.1.0"
      },
      "peerDependenciesMeta": {
        "typescript": {
          "optional": true
        }
      }
    },
    "db/node_modules/pure-rand": {
      "version": "6.1.0",
      "funding": [
        {
          "type": "individual",
          "url": "https://github.com/sponsors/dubzzz"
        },
        {
          "type": "opencollective",
          "url": "https://opencollective.com/fast-check"
        }
      ],
      "license": "MIT"
    },
    "db/node_modules/rc9": {
      "version": "2.1.2",
      "license": "MIT",
      "dependencies": {
        "defu": "^6.1.4",
        "destr": "^2.0.3"
      }
    },
    "db/node_modules/readdirp": {
      "version": "4.1.2",
      "license": "MIT",
      "engines": {
        "node": ">= 14.18.0"
      },
      "funding": {
        "type": "individual",
        "url": "https://paulmillr.com/funding/"
      }
    },
    "db/node_modules/tinyexec": {
      "version": "1.0.2",
      "license": "MIT",
      "engines": {
        "node": ">=18"
      }
    },
    "node_modules/api": {
      "resolved": "api",
      "link": true
    },
    "node_modules/db": {
      "resolved": "db",
      "link": true
    },
    "node_modules/worker": {
      "resolved": "worker",
      "link": true
    },
    "worker": {
      "version": "1.0.0",
      "license": "ISC",
      "dependencies": {
        "@types/node": "^24.10.1",
        "bullmq": "^5.63.2",
        "crypto": "^1.0.1",
        "db": "file:../db",
        "ioredis": "^5.8.2"
      }
    },
    "worker/node_modules/@ioredis/commands": {
      "version": "1.4.0",
      "license": "MIT"
    },
    "worker/node_modules/@msgpackr-extract/msgpackr-extract-win32-x64": {
      "version": "3.0.3",
      "cpu": [
        "x64"
      ],
      "license": "MIT",
      "optional": true,
      "os": [
        "win32"
      ]
    },
    "worker/node_modules/@types/node": {
      "version": "24.10.1",
      "license": "MIT",
      "dependencies": {
        "undici-types": "~7.16.0"
      }
    },
    "worker/node_modules/bullmq": {
      "version": "5.63.2",
      "license": "MIT",
      "dependencies": {
        "cron-parser": "^4.9.0",
        "ioredis": "^5.8.2",
        "msgpackr": "^1.11.2",
        "node-abort-controller": "^3.1.1",
        "semver": "^7.5.4",
        "tslib": "^2.0.0",
        "uuid": "^11.1.0"
      }
    },
    "worker/node_modules/cluster-key-slot": {
      "version": "1.1.2",
      "license": "Apache-2.0",
      "engines": {
        "node": ">=0.10.0"
      }
    },
    "worker/node_modules/cron-parser": {
      "version": "4.9.0",
      "license": "MIT",
      "dependencies": {
        "luxon": "^3.2.1"
      },
      "engines": {
        "node": ">=12.0.0"
      }
    },
    "worker/node_modules/crypto": {
      "version": "1.0.1",
      "license": "ISC"
    },
    "worker/node_modules/debug": {
      "version": "4.4.3",
      "license": "MIT",
      "dependencies": {
        "ms": "^2.1.3"
      },
      "engines": {
        "node": ">=6.0"
      },
      "peerDependenciesMeta": {
        "supports-color": {
          "optional": true
        }
      }
    },
    "worker/node_modules/denque": {
      "version": "2.1.0",
      "license": "Apache-2.0",
      "engines": {
        "node": ">=0.10"
      }
    },
    "worker/node_modules/detect-libc": {
      "version": "2.1.2",
      "license": "Apache-2.0",
      "optional": true,
      "engines": {
        "node": ">=8"
      }
    },
    "worker/node_modules/ioredis": {
      "version": "5.8.2",
      "license": "MIT",
      "dependencies": {
        "@ioredis/commands": "1.4.0",
        "cluster-key-slot": "^1.1.0",
        "debug": "^4.3.4",
        "denque": "^2.1.0",
        "lodash.defaults": "^4.2.0",
        "lodash.isarguments": "^3.1.0",
        "redis-errors": "^1.2.0",
        "redis-parser": "^3.0.0",
        "standard-as-callback": "^2.1.0"
      },
      "engines": {
        "node": ">=12.22.0"
      },
      "funding": {
        "type": "opencollective",
        "url": "https://opencollective.com/ioredis"
      }
    },
    "worker/node_modules/lodash.defaults": {
      "version": "4.2.0",
      "license": "MIT"
    },
    "worker/node_modules/lodash.isarguments": {
      "version": "3.1.0",
      "license": "MIT"
    },
    "worker/node_modules/luxon": {
      "version": "3.7.2",
      "license": "MIT",
      "engines": {
        "node": ">=12"
      }
    },
    "worker/node_modules/ms": {
      "version": "2.1.3",
      "license": "MIT"
    },
    "worker/node_modules/msgpackr": {
      "version": "1.11.5",
      "license": "MIT",
      "optionalDependencies": {
        "msgpackr-extract": "^3.0.2"
      }
    },
    "worker/node_modules/msgpackr-extract": {
      "version": "3.0.3",
      "hasInstallScript": true,
      "license": "MIT",
      "optional": true,
      "dependencies": {
        "node-gyp-build-optional-packages": "5.2.2"
      },
      "bin": {
        "download-msgpackr-prebuilds": "bin/download-prebuilds.js"
      },
      "optionalDependencies": {
        "@msgpackr-extract/msgpackr-extract-darwin-arm64": "3.0.3",
        "@msgpackr-extract/msgpackr-extract-darwin-x64": "3.0.3",
        "@msgpackr-extract/msgpackr-extract-linux-arm": "3.0.3",
        "@msgpackr-extract/msgpackr-extract-linux-arm64": "3.0.3",
        "@msgpackr-extract/msgpackr-extract-linux-x64": "3.0.3",
        "@msgpackr-extract/msgpackr-extract-win32-x64": "3.0.3"
      }
    },
    "worker/node_modules/node-abort-controller": {
      "version": "3.1.1",
      "license": "MIT"
    },
    "worker/node_modules/node-gyp-build-optional-packages": {
      "version": "5.2.2",
      "license": "MIT",
      "optional": true,
      "dependencies": {
        "detect-libc": "^2.0.1"
      },
      "bin": {
        "node-gyp-build-optional-packages": "bin.js",
        "node-gyp-build-optional-packages-optional": "optional.js",
        "node-gyp-build-optional-packages-test": "build-test.js"
      }
    },
    "worker/node_modules/redis-errors": {
      "version": "1.2.0",
      "license": "MIT",
      "engines": {
        "node": ">=4"
      }
    },
    "worker/node_modules/redis-parser": {
      "version": "3.0.0",
      "license": "MIT",
      "dependencies": {
        "redis-errors": "^1.0.0"
      },
      "engines": {
        "node": ">=4"
      }
    },
    "worker/node_modules/semver": {
      "version": "7.7.3",
      "license": "ISC",
      "bin": {
        "semver": "bin/semver.js"
      },
      "engines": {
        "node": ">=10"
      }
    },
    "worker/node_modules/standard-as-callback": {
      "version": "2.1.0",
      "license": "MIT"
    },
    "worker/node_modules/tslib": {
      "version": "2.8.1",
      "license": "0BSD"
    },
    "worker/node_modules/undici-types": {
      "version": "7.16.0",
      "license": "MIT"
    },
    "worker/node_modules/uuid": {
      "version": "11.1.0",
      "funding": [
        "https://github.com/sponsors/broofa",
        "https://github.com/sponsors/ctavan"
      ],
      "license": "MIT",
      "bin": {
        "uuid": "dist/esm/bin/uuid"
      }
    }
  }
}
